{
  "name": "@koenvg/agent-flock",
  "version": "0.1.0",
  "lockfileVersion": 3,
  "requires": true,
  "packages": {
    "": {
      "name": "@koenvg/agent-flock",
      "version": "0.1.0",
      "license": "MIT",
      "bin": {
        "agent-flock": "npm/agent-flock.cjs"
      },
      "engines": {
        "node": ">=18"
      },
      "optionalDependencies": {
        "@koenvg/agent-flock-darwin-arm64": "0.1.0",
        "@koenvg/agent-flock-darwin-x64": "0.1.0",
        "@koenvg/agent-flock-linux-arm64": "0.1.0",
        "@koenvg/agent-flock-linux-x64": "0.1.0"
      }
    },
    "node_modules/@koenvg/agent-flock-darwin-arm64": {
      "version": "0.1.0",
      "resolved": "https://registry.npmjs.org/@koenvg/agent-flock-darwin-arm64/-/agent-flock-darwin-arm64-0.1.0.tgz",
      "integrity": "sha512-3ni9lNsS5zv8WEQY4RcVsrWezyj+qXm/dTgfUmBL9pUjxv07DOZg0RwY0rtYjdAaRK60p4MqAWQcgtta5FqeCQ==",
      "cpu": [
        "arm64"
      ],
      "license": "MIT",
      "optional": true,
      "os": [
        "darwin"
      ]
    },
    "node_modules/@koenvg/agent-flock-darwin-x64": {
      "version": "0.1.0",
      "resolved": "https://registry.npmjs.org/@koenvg/agent-flock-darwin-x64/-/agent-flock-darwin-x64-0.1.0.tgz",
      "integrity": "sha512-z9jRZk3Q5NOnJ53P/lhgHCuogzq+SrvS6LTLFo0vafpLnJIUrUNyAFy3fJZXP3YOUlQq0O/0BgJ1ube+ni9pOw==",
      "cpu": [
        "x64"
      ],
      "license": "MIT",
      "optional": true,
      "os": [
        "darwin"
      ]
    },
    "node_modules/@koenvg/agent-flock-linux-arm64": {
      "version": "0.1.0",
      "resolved": "https://registry.npmjs.org/@koenvg/agent-flock-linux-arm64/-/agent-flock-linux-arm64-0.1.0.tgz",
      "integrity": "sha512-tGbpt1QsTToo8VI+Ej0DFaf8mZcpoxOErA86Y6B9WhAvP8a6ZwwoH1Jd627cPoXGaqTeKxgwHE1LcTkmEELelw==",
      "cpu": [
        "arm64"
      ],
      "license": "MIT",
      "optional": true,
      "os": [
        "linux"
      ]
    },
    "node_modules/@koenvg/agent-flock-linux-x64": {
      "version": "0.1.0",
      "resolved": "https://registry.npmjs.org/@koenvg/agent-flock-linux-x64/-/agent-flock-linux-x64-0.1.0.tgz",
      "integrity": "sha512-Mme8KseiTAiAIfO7E3zgtyoxiG3gSqgQH/VOocBJJQWBdDyc2vbmgMm0FMw/jO0T8icjfj0PN7YYmdEUtpYioQ==",
      "cpu": [
        "x64"
      ],
      "license": "MIT",
      "optional": true,
      "os": [
        "linux"
      ]
    }
  }
}
