{
  "name": "@koenvg/agent-flock",
  "version": "0.1.1",
  "lockfileVersion": 3,
  "requires": true,
  "packages": {
    "": {
      "name": "@koenvg/agent-flock",
      "version": "0.1.1",
      "license": "MIT",
      "bin": {
        "agent-flock": "npm/agent-flock.cjs"
      },
      "engines": {
        "node": ">=18"
      },
      "optionalDependencies": {
        "@koenvg/agent-flock-darwin-arm64": "0.1.1",
        "@koenvg/agent-flock-darwin-x64": "0.1.1",
        "@koenvg/agent-flock-linux-arm64": "0.1.1",
        "@koenvg/agent-flock-linux-x64": "0.1.1"
      }
    },
    "node_modules/@koenvg/agent-flock-darwin-arm64": {
      "optional": true
    },
    "node_modules/@koenvg/agent-flock-darwin-x64": {
      "optional": true
    },
    "node_modules/@koenvg/agent-flock-linux-arm64": {
      "optional": true
    },
    "node_modules/@koenvg/agent-flock-linux-x64": {
      "optional": true
    }
  }
}
